
Microsoft Visual Studio Solution File, Format Version 12.00
# Visual Studio Version 17
VisualStudioVersion = 17.0.31919.166
MinimumVisualStudioVersion = 10.0.40219.1
Project("{FAE04EC0-301F-11D3-BF4B-00C04F79EFBC}") = "ATMProject", "ATMProject\ATMProject.csproj", "{326A8FFC-37F6-4AA6-A880-94FE0E72497A}"
EndProject
Global
	GlobalSection(SolutionConfigurationPlatforms) = preSolution
		Debug|Any CPU = Debug|Any CPU
		Release|Any CPU = Release|Any CPU
	EndGlobalSection
	GlobalSection(ProjectConfigurationPlatforms) = postSolution
		{326A8FFC-37F6-4AA6-A880-94FE0E72497A}.Debug|Any CPU.ActiveCfg = Debug|Any CPU
		{326A8FFC-37F6-4AA6-A880-94FE0E72497A}.Debug|Any CPU.Build.0 = Debug|Any CPU
		{326A8FFC-37F6-4AA6-A880-94FE0E72497A}.Release|Any CPU.ActiveCfg = Release|Any CPU
		{326A8FFC-37F6-4AA6-A880-94FE0E72497A}.Release|Any CPU.Build.0 = Release|Any CPU
	EndGlobalSection
	GlobalSection(SolutionProperties) = preSolution
		HideSolutionNode = FALSE
	EndGlobalSection
	GlobalSection(ExtensibilityGlobals) = postSolution
		SolutionGuid = {649E8200-7456-4739-AC08-53D1BADBE04A}
	EndGlobalSection
EndGlobal
